// !$*UTF8*$!
{
	archiveVersion = 1;
	classes = {
	};
	objectVersion = 46;
	objects = {

/* Begin PBXBuildFile section */
		860258BE1CF67C6900DA905C /* main.m in Sources */ = {isa = PBXBuildFile; fileRef = 860258BD1CF67C6900DA905C /* main.m */; };
		860258C11CF67C6900DA905C /* AppDelegate.m in Sources */ = {isa = PBXBuildFile; fileRef = 860258C01CF67C6900DA905C /* AppDelegate.m */; };
		860258C41CF67C6900DA905C /* ViewController.m in Sources */ = {isa = PBXBuildFile; fileRef = 860258C31CF67C6900DA905C /* ViewController.m */; };
		860258C71CF67C6900DA905C /* Main.storyboard in Resources */ = {isa = PBXBuildFile; fileRef = 860258C51CF67C6900DA905C /* Main.storyboard */; };
		860258C91CF67C6900DA905C /* Assets.xcassets in Resources */ = {isa = PBXBuildFile; fileRef = 860258C81CF67C6900DA905C /* Assets.xcassets */; };
		860258CC1CF67C6900DA905C /* LaunchScreen.storyboard in Resources */ = {isa = PBXBuildFile; fileRef = 860258CA1CF67C6900DA905C /* LaunchScreen.storyboard */; };
		860258D71CF67C6900DA905C /* diceTests.m in Sources */ = {isa = PBXBuildFile; fileRef = 860258D61CF67C6900DA905C /* diceTests.m */; };
		860258E21CF67C6900DA905C /* diceUITests.m in Sources */ = {isa = PBXBuildFile; fileRef = 860258E11CF67C6900DA905C /* diceUITests.m */; };
/* End PBXBuildFile section */

/* Begin PBXContainerItemProxy section */
		860258D31CF67C6900DA905C /* PBXContainerItemProxy */ = {
			isa = PBXContainerItemProxy;
			containerPortal = 860258B11CF67C6900DA905C /* Project object */;
			proxyType = 1;
			remoteGlobalIDString = 860258B81CF67C6900DA905C;
			remoteInfo = dice;
		};
		860258DE1CF67C6900DA905C /* PBXContainerItemProxy */ = {
			isa = PBXContainerItemProxy;
			containerPortal = 860258B11CF67C6900DA905C /* Project object */;
			proxyType = 1;
			remoteGlobalIDString = 860258B81CF67C6900DA905C;
			remoteInfo = dice;
		};
/* End PBXContainerItemProxy section */

/* Begin PBXFileReference section */
		860258B91CF67C6900DA905C /* dice.app */ = {isa = PBXFileReference; explicitFileType = wrapper.application; includeInIndex = 0; path = dice.app; sourceTree = BUILT_PRODUCTS_DIR; };
		860258BD1CF67C6900DA905C /* main.m */ = {isa = PBXFileReference; lastKnownFileType = sourcecode.c.objc; path = main.m; sourceTree = "<group>"; };
		860258BF1CF67C6900DA905C /* AppDelegate.h */ = {isa = PBXFileReference; lastKnownFileType = sourcecode.c.h; path = AppDelegate.h; sourceTree = "<group>"; };
		860258C01CF67C6900DA905C /* AppDelegate.m */ = {isa = PBXFileReference; lastKnownFileType = sourcecode.c.objc; path = AppDelegate.m; sourceTree = "<group>"; };
		860258C21CF67C6900DA905C /* ViewController.h */ = {isa = PBXFileReference; lastKnownFileType = sourcecode.c.h; path = ViewController.h; sourceTree = "<group>"; };
		860258C31CF67C6900DA905C /* ViewController.m */ = {isa = PBXFileReference; lastKnownFileType = sourcecode.c.objc; path = ViewController.m; sourceTree = "<group>"; };
		860258C61CF67C6900DA905C /* Base */ = {isa = PBXFileReference; lastKnownFileType = file.storyboard; name = Base; path = Base.lproj/Main.storyboard; sourceTree = "<group>"; };
		860258C81CF67C6900DA905C /* Assets.xcassets */ = {isa = PBXFileReference; lastKnownFileType = folder.assetcatalog; path = Assets.xcassets; sourceTree = "<group>"; };
		860258CB1CF67C6900DA905C /* Base */ = {isa = PBXFileReference; lastKnownFileType = file.storyboard; name = Base; path = Base.lproj/LaunchScreen.storyboard; sourceTree = "<group>"; };
		860258CD1CF67C6900DA905C /* Info.plist */ = {isa = PBXFileReference; lastKnownFileType = text.plist.xml; path = Info.plist; sourceTree = "<group>"; };
		860258D21CF67C6900DA905C /* diceTests.xctest */ = {isa = PBXFileReference; explicitFileType = wrapper.cfbundle; includeInIndex = 0; path = diceTests.xctest; sourceTree = BUILT_PRODUCTS_DIR; };
		860258D61CF67C6900DA905C /* diceTests.m */ = {isa = PBXFileReference; lastKnownFileType = sourcecode.c.objc; path = diceTests.m; sourceTree = "<group>"; };
		860258D81CF67C6900DA905C /* Info.plist */ = {isa = PBXFileReference; lastKnownFileType = text.plist.xml; path = Info.plist; sourceTree = "<group>"; };
		860258DD1CF67C6900DA905C /* diceUITests.xctest */ = {isa = PBXFileReference; explicitFileType = wrapper.cfbundle; includeInIndex = 0; path = diceUITests.xctest; sourceTree = BUILT_PRODUCTS_DIR; };
		860258E11CF67C6900DA905C /* diceUITests.m */ = {isa = PBXFileReference; lastKnownFileType = sourcecode.c.objc; path = diceUITests.m; sourceTree = "<group>"; };
		860258E31CF67C6900DA905C /* Info.plist */ = {isa = PBXFileReference; lastKnownFileType = text.plist.xml; path = Info.plist; sourceTree = "<group>"; };
/* End PBXFileReference section */

/* Begin PBXFrameworksBuildPhase section */
		860258B61CF67C6900DA905C /* Frameworks */ = {
			isa = PBXFrameworksBuildPhase;
			buildActionMask = 2147483647;
			files = (
			);
			runOnlyForDeploymentPostprocessing = 0;
		};
		860258CF1CF67C6900DA905C /* Frameworks */ = {
			isa = PBXFrameworksBuildPhase;
			buildActionMask = 2147483647;
			files = (
			);
			runOnlyForDeploymentPostprocessing = 0;
		};
		860258DA1CF67C6900DA905C /* Frameworks */ = {
			isa = PBXFrameworksBuildPhase;
			buildActionMask = 2147483647;
			files = (
			);
			runOnlyForDeploymentPostprocessing = 0;
		};
/* End PBXFrameworksBuildPhase section */

/* Begin PBXGroup section */
		860258B01CF67C6900DA905C = {
			isa = PBXGroup;
			children = (
				860258BB1CF67C6900DA905C /* dice */,
				860258D51CF67C6900DA905C /* diceTests */,
				860258E01CF67C6900DA905C /* diceUITests */,
				860258BA1CF67C6900DA905C /* Products */,
			);
			sourceTree = "<group>";
		};
		860258BA1CF67C6900DA905C /* Products */ = {
			isa = PBXGroup;
			children = (
				860258B91CF67C6900DA905C /* dice.app */,
				860258D21CF67C6900DA905C /* diceTests.xctest */,
				860258DD1CF67C6900DA905C /* diceUITests.xctest */,
			);
			name = Products;
			sourceTree = "<group>";
		};
		860258BB1CF67C6900DA905C /* dice */ = {
			isa = PBXGroup;
			children = (
				860258BF1CF67C6900DA905C /* AppDelegate.h */,
				860258C01CF67C6900DA905C /* AppDelegate.m */,
				860258C21CF67C6900DA905C /* ViewController.h */,
				860258C31CF67C6900DA905C /* ViewController.m */,
				860258C51CF67C6900DA905C /* Main.storyboard */,
				860258C81CF67C6900DA905C /* Assets.xcassets */,
				860258CA1CF67C6900DA905C /* LaunchScreen.storyboard */,
				860258CD1CF67C6900DA905C /* Info.plist */,
				860258BC1CF67C6900DA905C /* Supporting Files */,
			);
			path = dice;
			sourceTree = "<group>";
		};
		860258BC1CF67C6900DA905C /* Supporting Files */ = {
			isa = PBXGroup;
			children = (
				860258BD1CF67C6900DA905C /* main.m */,
			);
			name = "Supporting Files";
			sourceTree = "<group>";
		};
		860258D51CF67C6900DA905C /* diceTests */ = {
			isa = PBXGroup;
			children = (
				860258D61CF67C6900DA905C /* diceTests.m */,
				860258D81CF67C6900DA905C /* Info.plist */,
			);
			path = diceTests;
			sourceTree = "<group>";
		};
		860258E01CF67C6900DA905C /* diceUITests */ = {
			isa = PBXGroup;
			children = (
				860258E11CF67C6900DA905C /* diceUITests.m */,
				860258E31CF67C6900DA905C /* Info.plist */,
			);
			path = diceUITests;
			sourceTree = "<group>";
		};
/* End PBXGroup section */

/* Begin PBXNativeTarget section */
		860258B81CF67C6900DA905C /* dice */ = {
			isa = PBXNativeTarget;
			buildConfigurationList = 860258E61CF67C6900DA905C /* Build configuration list for PBXNativeTarget "dice" */;
			buildPhases = (
				860258B51CF67C6900DA905C /* Sources */,
				860258B61CF67C6900DA905C /* Frameworks */,
				860258B71CF67C6900DA905C /* Resources */,
			);
			buildRules = (
			);
			dependencies = (
			);
			name = dice;
			productName = dice;
			productReference = 860258B91CF67C6900DA905C /* dice.app */;
			productType = "com.apple.product-type.application";
		};
		860258D11CF67C6900DA905C /* diceTests */ = {
			isa = PBXNativeTarget;
			buildConfigurationList = 860258E91CF67C6900DA905C /* Build configuration list for PBXNativeTarget "diceTests" */;
			buildPhases = (
				860258CE1CF67C6900DA905C /* Sources */,
				860258CF1CF67C6900DA905C /* Frameworks */,
				860258D01CF67C6900DA905C /* Resources */,
			);
			buildRules = (
			);
			dependencies = (
				860258D41CF67C6900DA905C /* PBXTargetDependency */,
			);
			name = diceTests;
			productName = diceTests;
			productReference = 860258D21CF67C6900DA905C /* diceTests.xctest */;
			productType = "com.apple.product-type.bundle.unit-test";
		};
		860258DC1CF67C6900DA905C /* diceUITests */ = {
			isa = PBXNativeTarget;
			buildConfigurationList = 860258EC1CF67C6900DA905C /* Build configuration list for PBXNativeTarget "diceUITests" */;
			buildPhases = (
				860258D91CF67C6900DA905C /* Sources */,
				860258DA1CF67C6900DA905C /* Frameworks */,
				860258DB1CF67C6900DA905C /* Resources */,
			);
			buildRules = (
			);
			dependencies = (
				860258DF1CF67C6900DA905C /* PBXTargetDependency */,
			);
			name = diceUITests;
			productName = diceUITests;
			productReference = 860258DD1CF67C6900DA905C /* diceUITests.xctest */;
			productType = "com.apple.product-type.bundle.ui-testing";
		};
/* End PBXNativeTarget section */

/* Begin PBXProject section */
		860258B11CF67C6900DA905C /* Project object */ = {
			isa = PBXProject;
			attributes = {
				LastUpgradeCheck = 0730;
				ORGANIZATIONNAME = "Gavin Criddle";
				TargetAttributes = {
					860258B81CF67C6900DA905C = {
						CreatedOnToolsVersion = 7.3.1;
					};
					860258D11CF67C6900DA905C = {
						CreatedOnToolsVersion = 7.3.1;
						TestTargetID = 860258B81CF67C6900DA905C;
					};
					860258DC1CF67C6900DA905C = {
						CreatedOnToolsVersion = 7.3.1;
						TestTargetID = 860258B81CF67C6900DA905C;
					};
				};
			};
			buildConfigurationList = 860258B41CF67C6900DA905C /* Build configuration list for PBXProject "dice" */;
			compatibilityVersion = "Xcode 3.2";
			developmentRegion = English;
			hasScannedForEncodings = 0;
			knownRegions = (
				en,
				Base,
			);
			mainGroup = 860258B01CF67C6900DA905C;
			productRefGroup = 860258BA1CF67C6900DA905C /* Products */;
			projectDirPath = "";
			projectRoot = "";
			targets = (
				860258B81CF67C6900DA905C /* dice */,
				860258D11CF67C6900DA905C /* diceTests */,
				860258DC1CF67C6900DA905C /* diceUITests */,
			);
		};
/* End PBXProject section */

/* Begin PBXResourcesBuildPhase section */
		860258B71CF67C6900DA905C /* Resources */ = {
			isa = PBXResourcesBuildPhase;
			buildActionMask = 2147483647;
			files = (
				860258CC1CF67C6900DA905C /* LaunchScreen.storyboard in Resources */,
				860258C91CF67C6900DA905C /* Assets.xcassets in Resources */,
				860258C71CF67C6900DA905C /* Main.storyboard in Resources */,
			);
			runOnlyForDeploymentPostprocessing = 0;
		};
		860258D01CF67C6900DA905C /* Resources */ = {
			isa = PBXResourcesBuildPhase;
			buildActionMask = 2147483647;
			files = (
			);
			runOnlyForDeploymentPostprocessing = 0;
		};
		860258DB1CF67C6900DA905C /* Resources */ = {
			isa = PBXResourcesBuildPhase;
			buildActionMask = 2147483647;
			files = (
			);
			runOnlyForDeploymentPostprocessing = 0;
		};
/* End PBXResourcesBuildPhase section */

/* Begin PBXSourcesBuildPhase section */
		860258B51CF67C6900DA905C /* Sources */ = {
			isa = PBXSourcesBuildPhase;
			buildActionMask = 2147483647;
			files = (
				860258C41CF67C6900DA905C /* ViewController.m in Sources */,
				860258C11CF67C6900DA905C /* AppDelegate.m in Sources */,
				860258BE1CF67C6900DA905C /* main.m in Sources */,
			);
			runOnlyForDeploymentPostprocessing = 0;
		};
		860258CE1CF67C6900DA905C /* Sources */ = {
			isa = PBXSourcesBuildPhase;
			buildActionMask = 2147483647;
			files = (
				860258D71CF67C6900DA905C /* diceTests.m in Sources */,
			);
			runOnlyForDeploymentPostprocessing = 0;
		};
		860258D91CF67C6900DA905C /* Sources */ = {
			isa = PBXSourcesBuildPhase;
			buildActionMask = 2147483647;
			files = (
				860258E21CF67C6900DA905C /* diceUITests.m in Sources */,
			);
			runOnlyForDeploymentPostprocessing = 0;
		};
/* End PBXSourcesBuildPhase section */

/* Begin PBXTargetDependency section */
		860258D41CF67C6900DA905C /* PBXTargetDependency */ = {
			isa = PBXTargetDependency;
			target = 860258B81CF67C6900DA905C /* dice */;
			targetProxy = 860258D31CF67C6900DA905C /* PBXContainerItemProxy */;
		};
		860258DF1CF67C6900DA905C /* PBXTargetDependency */ = {
			isa = PBXTargetDependency;
			target = 860258B81CF67C6900DA905C /* dice */;
			targetProxy = 860258DE1CF67C6900DA905C /* PBXContainerItemProxy */;
		};
/* End PBXTargetDependency section */

/* Begin PBXVariantGroup section */
		860258C51CF67C6900DA905C /* Main.storyboard */ = {
			isa = PBXVariantGroup;
			children = (
				860258C61CF67C6900DA905C /* Base */,
			);
			name = Main.storyboard;
			sourceTree = "<group>";
		};
		860258CA1CF67C6900DA905C /* LaunchScreen.storyboard */ = {
			isa = PBXVariantGroup;
			children = (
				860258CB1CF67C6900DA905C /* Base */,
			);
			name = LaunchScreen.storyboard;
			sourceTree = "<group>";
		};
/* End PBXVariantGroup section */

/* Begin XCBuildConfiguration section */
		860258E41CF67C6900DA905C /* Debug */ = {
			isa = XCBuildConfiguration;
			buildSettings = {
				ALWAYS_SEARCH_USER_PATHS = NO;
				CLANG_ANALYZER_NONNULL = YES;
				CLANG_CXX_LANGUAGE_STANDARD = "gnu++0x";
				CLANG_CXX_LIBRARY = "libc++";
				CLANG_ENABLE_MODULES = YES;
				CLANG_ENABLE_OBJC_ARC = YES;
				CLANG_WARN_BOOL_CONVERSION = YES;
				CLANG_WARN_CONSTANT_CONVERSION = YES;
				CLANG_WARN_DIRECT_OBJC_ISA_USAGE = YES_ERROR;
				CLANG_WARN_EMPTY_BODY = YES;
				CLANG_WARN_ENUM_CONVERSION = YES;
				CLANG_WARN_INT_CONVERSION = YES;
				CLANG_WARN_OBJC_ROOT_CLASS = YES_ERROR;
				CLANG_WARN_UNREACHABLE_CODE = YES;
				CLANG_WARN__DUPLICATE_METHOD_MATCH = YES;
				"CODE_SIGN_IDENTITY[sdk=iphoneos*]" = "iPhone Developer";
				COPY_PHASE_STRIP = NO;
				DEBUG_INFORMATION_FORMAT = dwarf;
				ENABLE_STRICT_OBJC_MSGSEND = YES;
				ENABLE_TESTABILITY = YES;
				GCC_C_LANGUAGE_STANDARD = gnu99;
				GCC_DYNAMIC_NO_PIC = NO;
				GCC_NO_COMMON_BLOCKS = YES;
				GCC_OPTIMIZATION_LEVEL = 0;
				GCC_PREPROCESSOR_DEFINITIONS = (
					"DEBUG=1",
					"$(inherited)",
				);
				GCC_WARN_64_TO_32_BIT_CONVERSION = YES;
				GCC_WARN_ABOUT_RETURN_TYPE = YES_ERROR;
				GCC_WARN_UNDECLARED_SELECTOR = YES;
				GCC_WARN_UNINITIALIZED_AUTOS = YES_AGGRESSIVE;
				GCC_WARN_UNUSED_FUNCTION = YES;
				GCC_WARN_UNUSED_VARIABLE = YES;
				IPHONEOS_DEPLOYMENT_TARGET = 9.3;
				MTL_ENABLE_DEBUG_INFO = YES;
				ONLY_ACTIVE_ARCH = YES;
				SDKROOT = iphoneos;
				TARGETED_DEVICE_FAMILY = "1,2";
			};
			name = Debug;
		};
		860258E51CF67C6900DA905C /* Release */ = {
			isa = XCBuildConfiguration;
			buildSettings = {
				ALWAYS_SEARCH_USER_PATHS = NO;
				CLANG_ANALYZER_NONNULL = YES;
				CLANG_CXX_LANGUAGE_STANDARD = "gnu++0x";
				CLANG_CXX_LIBRARY = "libc++";
				CLANG_ENABLE_MODULES = YES;
				CLANG_ENABLE_OBJC_ARC = YES;
				CLANG_WARN_BOOL_CONVERSION = YES;
				CLANG_WARN_CONSTANT_CONVERSION = YES;
				CLANG_WARN_DIRECT_OBJC_ISA_USAGE = YES_ERROR;
				CLANG_WARN_EMPTY_BODY = YES;
				CLANG_WARN_ENUM_CONVERSION = YES;
				CLANG_WARN_INT_CONVERSION = YES;
				CLANG_WARN_OBJC_ROOT_CLASS = YES_ERROR;
				CLANG_WARN_UNREACHABLE_CODE = YES;
				CLANG_WARN__DUPLICATE_METHOD_MATCH = YES;
				"CODE_SIGN_IDENTITY[sdk=iphoneos*]" = "iPhone Developer";
				COPY_PHASE_STRIP = NO;
				DEBUG_INFORMATION_FORMAT = "dwarf-with-dsym";
				ENABLE_NS_ASSERTIONS = NO;
				ENABLE_STRICT_OBJC_MSGSEND = YES;
				GCC_C_LANGUAGE_STANDARD = gnu99;
				GCC_NO_COMMON_BLOCKS = YES;
				GCC_WARN_64_TO_32_BIT_CONVERSION = YES;
				GCC_WARN_ABOUT_RETURN_TYPE = YES_ERROR;
				GCC_WARN_UNDECLARED_SELECTOR = YES;
				GCC_WARN_UNINITIALIZED_AUTOS = YES_AGGRESSIVE;
				GCC_WARN_UNUSED_FUNCTION = YES;
				GCC_WARN_UNUSED_VARIABLE = YES;
				IPHONEOS_DEPLOYMENT_TARGET = 9.3;
				MTL_ENABLE_DEBUG_INFO = NO;
				SDKROOT = iphoneos;
				TARGETED_DEVICE_FAMILY = "1,2";
				VALIDATE_PRODUCT = YES;
			};
			name = Release;
		};
		860258E71CF67C6900DA905C /* Debug */ = {
			isa = XCBuildConfiguration;
			buildSettings = {
				ASSETCATALOG_COMPILER_APPICON_NAME = AppIcon;
				INFOPLIST_FILE = dice/Info.plist;
				LD_RUNPATH_SEARCH_PATHS = "$(inherited) @executable_path/Frameworks";
				PRODUCT_BUNDLE_IDENTIFIER = "Happy-Kitty-Studios.dice";
				PRODUCT_NAME = "$(TARGET_NAME)";
			};
			name = Debug;
		};
		860258E81CF67C6900DA905C /* Release */ = {
			isa = XCBuildConfiguration;
			buildSettings = {
				ASSETCATALOG_COMPILER_APPICON_NAME = AppIcon;
				INFOPLIST_FILE = dice/Info.plist;
				LD_RUNPATH_SEARCH_PATHS = "$(inherited) @executable_path/Frameworks";
				PRODUCT_BUNDLE_IDENTIFIER = "Happy-Kitty-Studios.dice";
				PRODUCT_NAME = "$(TARGET_NAME)";
			};
			name = Release;
		};
		860258EA1CF67C6900DA905C /* Debug */ = {
			isa = XCBuildConfiguration;
			buildSettings = {
				BUNDLE_LOADER = "$(TEST_HOST)";
				INFOPLIST_FILE = diceTests/Info.plist;
				LD_RUNPATH_SEARCH_PATHS = "$(inherited) @executable_path/Frameworks @loader_path/Frameworks";
				PRODUCT_BUNDLE_IDENTIFIER = "Happy-Kitty-Studios.diceTests";
				PRODUCT_NAME = "$(TARGET_NAME)";
				TEST_HOST = "$(BUILT_PRODUCTS_DIR)/dice.app/dice";
			};
			name = Debug;
		};
		860258EB1CF67C6900DA905C /* Release */ = {
			isa = XCBuildConfiguration;
			buildSettings = {
				BUNDLE_LOADER = "$(TEST_HOST)";
				INFOPLIST_FILE = diceTests/Info.plist;
				LD_RUNPATH_SEARCH_PATHS = "$(inherited) @executable_path/Frameworks @loader_path/Frameworks";
				PRODUCT_BUNDLE_IDENTIFIER = "Happy-Kitty-Studios.diceTests";
				PRODUCT_NAME = "$(TARGET_NAME)";
				TEST_HOST = "$(BUILT_PRODUCTS_DIR)/dice.app/dice";
			};
			name = Release;
		};
		860258ED1CF67C6900DA905C /* Debug */ = {
			isa = XCBuildConfiguration;
			buildSettings = {
				INFOPLIST_FILE = diceUITests/Info.plist;
				LD_RUNPATH_SEARCH_PATHS = "$(inherited) @executable_path/Frameworks @loader_path/Frameworks";
				PRODUCT_BUNDLE_IDENTIFIER = "Happy-Kitty-Studios.diceUITests";
				PRODUCT_NAME = "$(TARGET_NAME)";
				TEST_TARGET_NAME = dice;
			};
			name = Debug;
		};
		860258EE1CF67C6900DA905C /* Release */ = {
			isa = XCBuildConfiguration;
			buildSettings = {
				INFOPLIST_FILE = diceUITests/Info.plist;
				LD_RUNPATH_SEARCH_PATHS = "$(inherited) @executable_path/Frameworks @loader_path/Frameworks";
				PRODUCT_BUNDLE_IDENTIFIER = "Happy-Kitty-Studios.diceUITests";
				PRODUCT_NAME = "$(TARGET_NAME)";
				TEST_TARGET_NAME = dice;
			};
			name = Release;
		};
/* End XCBuildConfiguration section */

/* Begin XCConfigurationList section */
		860258B41CF67C6900DA905C /* Build configuration list for PBXProject "dice" */ = {
			isa = XCConfigurationList;
			buildConfigurations = (
				860258E41CF67C6900DA905C /* Debug */,
				860258E51CF67C6900DA905C /* Release */,
			);
			defaultConfigurationIsVisible = 0;
			defaultConfigurationName = Release;
		};
		860258E61CF67C6900DA905C /* Build configuration list for PBXNativeTarget "dice" */ = {
			isa = XCConfigurationList;
			buildConfigurations = (
				860258E71CF67C6900DA905C /* Debug */,
				860258E81CF67C6900DA905C /* Release */,
			);
			defaultConfigurationIsVisible = 0;
		};
		860258E91CF67C6900DA905C /* Build configuration list for PBXNativeTarget "diceTests" */ = {
			isa = XCConfigurationList;
			buildConfigurations = (
				860258EA1CF67C6900DA905C /* Debug */,
				860258EB1CF67C6900DA905C /* Release */,
			);
			defaultConfigurationIsVisible = 0;
		};
		860258EC1CF67C6900DA905C /* Build configuration list for PBXNativeTarget "diceUITests" */ = {
			isa = XCConfigurationList;
			buildConfigurations = (
				860258ED1CF67C6900DA905C /* Debug */,
				860258EE1CF67C6900DA905C /* Release */,
			);
			defaultConfigurationIsVisible = 0;
		};
/* End XCConfigurationList section */
	};
	rootObject = 860258B11CF67C6900DA905C /* Project object */;
}
